
Microsoft Visual Studio Solution File, Format Version 12.00
# Visual Studio Version 17
VisualStudioVersion = 17.6.33723.286
MinimumVisualStudioVersion = 10.0.40219.1
Project("{9A19103F-16F7-4668-BE54-9A1E7A4F7556}") = "Shape Area Calculator", "ConsoleApp9\Shape Area Calculator.csproj", "{BBC9D056-08ED-4E41-B501-E9C8D1B52E90}"
EndProject
Project("{9A19103F-16F7-4668-BE54-9A1E7A4F7556}") = "second exercise", "second exercise\second exercise\second exercise.csproj", "{C38677B5-0364-4394-86F9-9126F17F1849}"
EndProject
Project("{9A19103F-16F7-4668-BE54-9A1E7A4F7556}") = "list", "list\list\list.csproj", "{FB7E7FCA-6AA1-47B6-8EDC-E50E080A46CC}"
EndProject
Global
	GlobalSection(SolutionConfigurationPlatforms) = preSolution
		Debug|Any CPU = Debug|Any CPU
		Release|Any CPU = Release|Any CPU
	EndGlobalSection
	GlobalSection(ProjectConfigurationPlatforms) = postSolution
		{BBC9D056-08ED-4E41-B501-E9C8D1B52E90}.Debug|Any CPU.ActiveCfg = Debug|Any CPU
		{BBC9D056-08ED-4E41-B501-E9C8D1B52E90}.Debug|Any CPU.Build.0 = Debug|Any CPU
		{BBC9D056-08ED-4E41-B501-E9C8D1B52E90}.Release|Any CPU.ActiveCfg = Release|Any CPU
		{BBC9D056-08ED-4E41-B501-E9C8D1B52E90}.Release|Any CPU.Build.0 = Release|Any CPU
		{C38677B5-0364-4394-86F9-9126F17F1849}.Debug|Any CPU.ActiveCfg = Debug|Any CPU
		{C38677B5-0364-4394-86F9-9126F17F1849}.Debug|Any CPU.Build.0 = Debug|Any CPU
		{C38677B5-0364-4394-86F9-9126F17F1849}.Release|Any CPU.ActiveCfg = Release|Any CPU
		{C38677B5-0364-4394-86F9-9126F17F1849}.Release|Any CPU.Build.0 = Release|Any CPU
		{FB7E7FCA-6AA1-47B6-8EDC-E50E080A46CC}.Debug|Any CPU.ActiveCfg = Debug|Any CPU
		{FB7E7FCA-6AA1-47B6-8EDC-E50E080A46CC}.Debug|Any CPU.Build.0 = Debug|Any CPU
		{FB7E7FCA-6AA1-47B6-8EDC-E50E080A46CC}.Release|Any CPU.ActiveCfg = Release|Any CPU
		{FB7E7FCA-6AA1-47B6-8EDC-E50E080A46CC}.Release|Any CPU.Build.0 = Release|Any CPU
	EndGlobalSection
	GlobalSection(SolutionProperties) = preSolution
		HideSolutionNode = FALSE
	EndGlobalSection
	GlobalSection(ExtensibilityGlobals) = postSolution
		SolutionGuid = {CD7D44CF-3801-47C0-AA87-EC6FE45FE51A}
	EndGlobalSection
EndGlobal
