
Microsoft Visual Studio Solution File, Format Version 12.00
# Visual Studio Version 17
VisualStudioVersion = 17.6.33723.286
MinimumVisualStudioVersion = 10.0.40219.1
Project("{FAE04EC0-301F-11D3-BF4B-00C04F79EFBC}") = "second exercise", "second exercise\second exercise.csproj", "{A0B8F1DF-75CB-4BB8-8AB6-71BC57B8128E}"
EndProject
Global
	GlobalSection(SolutionConfigurationPlatforms) = preSolution
		Debug|Any CPU = Debug|Any CPU
		Release|Any CPU = Release|Any CPU
	EndGlobalSection
	GlobalSection(ProjectConfigurationPlatforms) = postSolution
		{A0B8F1DF-75CB-4BB8-8AB6-71BC57B8128E}.Debug|Any CPU.ActiveCfg = Debug|Any CPU
		{A0B8F1DF-75CB-4BB8-8AB6-71BC57B8128E}.Debug|Any CPU.Build.0 = Debug|Any CPU
		{A0B8F1DF-75CB-4BB8-8AB6-71BC57B8128E}.Release|Any CPU.ActiveCfg = Release|Any CPU
		{A0B8F1DF-75CB-4BB8-8AB6-71BC57B8128E}.Release|Any CPU.Build.0 = Release|Any CPU
	EndGlobalSection
	GlobalSection(SolutionProperties) = preSolution
		HideSolutionNode = FALSE
	EndGlobalSection
	GlobalSection(ExtensibilityGlobals) = postSolution
		SolutionGuid = {EE520351-BA89-413C-BB24-7A0861461592}
	EndGlobalSection
EndGlobal
